
Microsoft Visual Studio Solution File, Format Version 12.00
# Visual Studio 2012
Project("{8BC9CEB8-8B4A-11D0-8D11-00A0C91BC942}") = "lab1", "lab1\lab1.vcxproj", "{D3BB9C01-8FCD-4E6F-A7B7-3F8C25F433FF}"
EndProject
Global
	GlobalSection(SolutionConfigurationPlatforms) = preSolution
		Debug|Win32 = Debug|Win32
		Release|Win32 = Release|Win32
	EndGlobalSection
	GlobalSection(ProjectConfigurationPlatforms) = postSolution
		{D3BB9C01-8FCD-4E6F-A7B7-3F8C25F433FF}.Debug|Win32.ActiveCfg = Debug|Win32
		{D3BB9C01-8FCD-4E6F-A7B7-3F8C25F433FF}.Debug|Win32.Build.0 = Debug|Win32
		{D3BB9C01-8FCD-4E6F-A7B7-3F8C25F433FF}.Release|Win32.ActiveCfg = Release|Win32
		{D3BB9C01-8FCD-4E6F-A7B7-3F8C25F433FF}.Release|Win32.Build.0 = Release|Win32
	EndGlobalSection
	GlobalSection(SolutionProperties) = preSolution
		HideSolutionNode = FALSE
	EndGlobalSection
EndGlobal
